// !$*UTF8*$!
{
	archiveVersion = 1;
	classes = {
	};
	objectVersion = 50;
	objects = {

/* Begin PBXBuildFile section */
		284AF516BF327FB09162723E /* Pods_octest.framework in Frameworks */ = {isa = PBXBuildFile; fileRef = 5A6C11E0276BC428B8B98D50 /* Pods_octest.framework */; };
		BDA11B1324BC126A00204E19 /* AppDelegate.m in Sources */ = {isa = PBXBuildFile; fileRef = BDA11B1224BC126A00204E19 /* AppDelegate.m */; };
		BDA11B1624BC126A00204E19 /* SceneDelegate.m in Sources */ = {isa = PBXBuildFile; fileRef = BDA11B1524BC126A00204E19 /* SceneDelegate.m */; };
		BDA11B1924BC126A00204E19 /* ViewController.m in Sources */ = {isa = PBXBuildFile; fileRef = BDA11B1824BC126A00204E19 /* ViewController.m */; };
		BDA11B1C24BC126A00204E19 /* Main.storyboard in Resources */ = {isa = PBXBuildFile; fileRef = BDA11B1A24BC126A00204E19 /* Main.storyboard */; };
		BDA11B1E24BC126D00204E19 /* Assets.xcassets in Resources */ = {isa = PBXBuildFile; fileRef = BDA11B1D24BC126D00204E19 /* Assets.xcassets */; };
		BDA11B2124BC126D00204E19 /* LaunchScreen.storyboard in Resources */ = {isa = PBXBuildFile; fileRef = BDA11B1F24BC126D00204E19 /* LaunchScreen.storyboard */; };
		BDA11B2424BC126D00204E19 /* main.m in Sources */ = {isa = PBXBuildFile; fileRef = BDA11B2324BC126D00204E19 /* main.m */; };
/* End PBXBuildFile section */

/* Begin PBXFileReference section */
		5A6C11E0276BC428B8B98D50 /* Pods_octest.framework */ = {isa = PBXFileReference; explicitFileType = wrapper.framework; includeInIndex = 0; path = Pods_octest.framework; sourceTree = BUILT_PRODUCTS_DIR; };
		5B968EFB4E001B92A0514665 /* Pods-octest.release.xcconfig */ = {isa = PBXFileReference; includeInIndex = 1; lastKnownFileType = text.xcconfig; name = "Pods-octest.release.xcconfig"; path = "Target Support Files/Pods-octest/Pods-octest.release.xcconfig"; sourceTree = "<group>"; };
		7DE4227B895C22E02E9F914B /* Pods-octest.debug.xcconfig */ = {isa = PBXFileReference; includeInIndex = 1; lastKnownFileType = text.xcconfig; name = "Pods-octest.debug.xcconfig"; path = "Target Support Files/Pods-octest/Pods-octest.debug.xcconfig"; sourceTree = "<group>"; };
		BDA11B0E24BC126A00204E19 /* octest.app */ = {isa = PBXFileReference; explicitFileType = wrapper.application; includeInIndex = 0; path = octest.app; sourceTree = BUILT_PRODUCTS_DIR; };
		BDA11B1124BC126A00204E19 /* AppDelegate.h */ = {isa = PBXFileReference; lastKnownFileType = sourcecode.c.h; path = AppDelegate.h; sourceTree = "<group>"; };
		BDA11B1224BC126A00204E19 /* AppDelegate.m */ = {isa = PBXFileReference; lastKnownFileType = sourcecode.c.objc; path = AppDelegate.m; sourceTree = "<group>"; };
		BDA11B1424BC126A00204E19 /* SceneDelegate.h */ = {isa = PBXFileReference; lastKnownFileType = sourcecode.c.h; path = SceneDelegate.h; sourceTree = "<group>"; };
		BDA11B1524BC126A00204E19 /* SceneDelegate.m */ = {isa = PBXFileReference; lastKnownFileType = sourcecode.c.objc; path = SceneDelegate.m; sourceTree = "<group>"; };
		BDA11B1724BC126A00204E19 /* ViewController.h */ = {isa = PBXFileReference; lastKnownFileType = sourcecode.c.h; path = ViewController.h; sourceTree = "<group>"; };
		BDA11B1824BC126A00204E19 /* ViewController.m */ = {isa = PBXFileReference; lastKnownFileType = sourcecode.c.objc; path = ViewController.m; sourceTree = "<group>"; };
		BDA11B1B24BC126A00204E19 /* Base */ = {isa = PBXFileReference; lastKnownFileType = file.storyboard; name = Base; path = Base.lproj/Main.storyboard; sourceTree = "<group>"; };
		BDA11B1D24BC126D00204E19 /* Assets.xcassets */ = {isa = PBXFileReference; lastKnownFileType = folder.assetcatalog; path = Assets.xcassets; sourceTree = "<group>"; };
		BDA11B2024BC126D00204E19 /* Base */ = {isa = PBXFileReference; lastKnownFileType = file.storyboard; name = Base; path = Base.lproj/LaunchScreen.storyboard; sourceTree = "<group>"; };
		BDA11B2224BC126D00204E19 /* Info.plist */ = {isa = PBXFileReference; lastKnownFileType = text.plist.xml; path = Info.plist; sourceTree = "<group>"; };
		BDA11B2324BC126D00204E19 /* main.m */ = {isa = PBXFileReference; lastKnownFileType = sourcecode.c.objc; path = main.m; sourceTree = "<group>"; };
/* End PBXFileReference section */

/* Begin PBXFrameworksBuildPhase section */
		BDA11B0B24BC126A00204E19 /* Frameworks */ = {
			isa = PBXFrameworksBuildPhase;
			buildActionMask = 2147483647;
			files = (
				284AF516BF327FB09162723E /* Pods_octest.framework in Frameworks */,
			);
			runOnlyForDeploymentPostprocessing = 0;
		};
/* End PBXFrameworksBuildPhase section */

/* Begin PBXGroup section */
		AAEA0296BBCC34A48EF9A345 /* Frameworks */ = {
			isa = PBXGroup;
			children = (
				5A6C11E0276BC428B8B98D50 /* Pods_octest.framework */,
			);
			name = Frameworks;
			sourceTree = "<group>";
		};
		BDA11B0524BC126A00204E19 = {
			isa = PBXGroup;
			children = (
				BDA11B1024BC126A00204E19 /* octest */,
				BDA11B0F24BC126A00204E19 /* Products */,
				FB45E5E9C01FEFB6977E8873 /* Pods */,
				AAEA0296BBCC34A48EF9A345 /* Frameworks */,
			);
			sourceTree = "<group>";
		};
		BDA11B0F24BC126A00204E19 /* Products */ = {
			isa = PBXGroup;
			children = (
				BDA11B0E24BC126A00204E19 /* octest.app */,
			);
			name = Products;
			sourceTree = "<group>";
		};
		BDA11B1024BC126A00204E19 /* octest */ = {
			isa = PBXGroup;
			children = (
				BDA11B1124BC126A00204E19 /* AppDelegate.h */,
				BDA11B1224BC126A00204E19 /* AppDelegate.m */,
				BDA11B1424BC126A00204E19 /* SceneDelegate.h */,
				BDA11B1524BC126A00204E19 /* SceneDelegate.m */,
				BDA11B1724BC126A00204E19 /* ViewController.h */,
				BDA11B1824BC126A00204E19 /* ViewController.m */,
				BDA11B1A24BC126A00204E19 /* Main.storyboard */,
				BDA11B1D24BC126D00204E19 /* Assets.xcassets */,
				BDA11B1F24BC126D00204E19 /* LaunchScreen.storyboard */,
				BDA11B2224BC126D00204E19 /* Info.plist */,
				BDA11B2324BC126D00204E19 /* main.m */,
			);
			path = octest;
			sourceTree = "<group>";
		};
		FB45E5E9C01FEFB6977E8873 /* Pods */ = {
			isa = PBXGroup;
			children = (
				7DE4227B895C22E02E9F914B /* Pods-octest.debug.xcconfig */,
				5B968EFB4E001B92A0514665 /* Pods-octest.release.xcconfig */,
			);
			name = Pods;
			path = Pods;
			sourceTree = "<group>";
		};
/* End PBXGroup section */

/* Begin PBXNativeTarget section */
		BDA11B0D24BC126A00204E19 /* octest */ = {
			isa = PBXNativeTarget;
			buildConfigurationList = BDA11B2724BC126D00204E19 /* Build configuration list for PBXNativeTarget "octest" */;
			buildPhases = (
				2F6CFF8C02C6DAC6F5D0AC09 /* [CP] Check Pods Manifest.lock */,
				BDA11B0A24BC126A00204E19 /* Sources */,
				BDA11B0B24BC126A00204E19 /* Frameworks */,
				BDA11B0C24BC126A00204E19 /* Resources */,
				8F75BA113FE87D91E90D0178 /* [CP] Embed Pods Frameworks */,
			);
			buildRules = (
			);
			dependencies = (
			);
			name = octest;
			productName = octest;
			productReference = BDA11B0E24BC126A00204E19 /* octest.app */;
			productType = "com.apple.product-type.application";
		};
/* End PBXNativeTarget section */

/* Begin PBXProject section */
		BDA11B0624BC126A00204E19 /* Project object */ = {
			isa = PBXProject;
			attributes = {
				LastUpgradeCheck = 1150;
				ORGANIZATIONNAME = yaoning;
				TargetAttributes = {
					BDA11B0D24BC126A00204E19 = {
						CreatedOnToolsVersion = 11.5;
					};
				};
			};
			buildConfigurationList = BDA11B0924BC126A00204E19 /* Build configuration list for PBXProject "octest" */;
			compatibilityVersion = "Xcode 9.3";
			developmentRegion = en;
			hasScannedForEncodings = 0;
			knownRegions = (
				en,
				Base,
			);
			mainGroup = BDA11B0524BC126A00204E19;
			productRefGroup = BDA11B0F24BC126A00204E19 /* Products */;
			projectDirPath = "";
			projectRoot = "";
			targets = (
				BDA11B0D24BC126A00204E19 /* octest */,
			);
		};
/* End PBXProject section */

/* Begin PBXResourcesBuildPhase section */
		BDA11B0C24BC126A00204E19 /* Resources */ = {
			isa = PBXResourcesBuildPhase;
			buildActionMask = 2147483647;
			files = (
				BDA11B2124BC126D00204E19 /* LaunchScreen.storyboard in Resources */,
				BDA11B1E24BC126D00204E19 /* Assets.xcassets in Resources */,
				BDA11B1C24BC126A00204E19 /* Main.storyboard in Resources */,
			);
			runOnlyForDeploymentPostprocessing = 0;
		};
/* End PBXResourcesBuildPhase section */

/* Begin PBXShellScriptBuildPhase section */
		2F6CFF8C02C6DAC6F5D0AC09 /* [CP] Check Pods Manifest.lock */ = {
			isa = PBXShellScriptBuildPhase;
			buildActionMask = 2147483647;
			files = (
			);
			inputFileListPaths = (
			);
			inputPaths = (
				"${PODS_PODFILE_DIR_PATH}/Podfile.lock",
				"${PODS_ROOT}/Manifest.lock",
			);
			name = "[CP] Check Pods Manifest.lock";
			outputFileListPaths = (
			);
			outputPaths = (
				"$(DERIVED_FILE_DIR)/Pods-octest-checkManifestLockResult.txt",
			);
			runOnlyForDeploymentPostprocessing = 0;
			shellPath = /bin/sh;
			shellScript = "diff \"${PODS_PODFILE_DIR_PATH}/Podfile.lock\" \"${PODS_ROOT}/Manifest.lock\" > /dev/null\nif [ $? != 0 ] ; then\n    # print error to STDERR\n    echo \"error: The sandbox is not in sync with the Podfile.lock. Run 'pod install' or update your CocoaPods installation.\" >&2\n    exit 1\nfi\n# This output is used by Xcode 'outputs' to avoid re-running this script phase.\necho \"SUCCESS\" > \"${SCRIPT_OUTPUT_FILE_0}\"\n";
			showEnvVarsInLog = 0;
		};
		8F75BA113FE87D91E90D0178 /* [CP] Embed Pods Frameworks */ = {
			isa = PBXShellScriptBuildPhase;
			buildActionMask = 2147483647;
			files = (
			);
			inputFileListPaths = (
				"${PODS_ROOT}/Target Support Files/Pods-octest/Pods-octest-frameworks-${CONFIGURATION}-input-files.xcfilelist",
			);
			name = "[CP] Embed Pods Frameworks";
			outputFileListPaths = (
				"${PODS_ROOT}/Target Support Files/Pods-octest/Pods-octest-frameworks-${CONFIGURATION}-output-files.xcfilelist",
			);
			runOnlyForDeploymentPostprocessing = 0;
			shellPath = /bin/sh;
			shellScript = "\"${PODS_ROOT}/Target Support Files/Pods-octest/Pods-octest-frameworks.sh\"\n";
			showEnvVarsInLog = 0;
		};
/* End PBXShellScriptBuildPhase section */

/* Begin PBXSourcesBuildPhase section */
		BDA11B0A24BC126A00204E19 /* Sources */ = {
			isa = PBXSourcesBuildPhase;
			buildActionMask = 2147483647;
			files = (
				BDA11B1924BC126A00204E19 /* ViewController.m in Sources */,
				BDA11B1324BC126A00204E19 /* AppDelegate.m in Sources */,
				BDA11B2424BC126D00204E19 /* main.m in Sources */,
				BDA11B1624BC126A00204E19 /* SceneDelegate.m in Sources */,
			);
			runOnlyForDeploymentPostprocessing = 0;
		};
/* End PBXSourcesBuildPhase section */

/* Begin PBXVariantGroup section */
		BDA11B1A24BC126A00204E19 /* Main.storyboard */ = {
			isa = PBXVariantGroup;
			children = (
				BDA11B1B24BC126A00204E19 /* Base */,
			);
			name = Main.storyboard;
			sourceTree = "<group>";
		};
		BDA11B1F24BC126D00204E19 /* LaunchScreen.storyboard */ = {
			isa = PBXVariantGroup;
			children = (
				BDA11B2024BC126D00204E19 /* Base */,
			);
			name = LaunchScreen.storyboard;
			sourceTree = "<group>";
		};
/* End PBXVariantGroup section */

/* Begin XCBuildConfiguration section */
		BDA11B2524BC126D00204E19 /* Debug */ = {
			isa = XCBuildConfiguration;
			buildSettings = {
				ALWAYS_SEARCH_USER_PATHS = NO;
				CLANG_ANALYZER_NONNULL = YES;
				CLANG_ANALYZER_NUMBER_OBJECT_CONVERSION = YES_AGGRESSIVE;
				CLANG_CXX_LANGUAGE_STANDARD = "gnu++14";
				CLANG_CXX_LIBRARY = "libc++";
				CLANG_ENABLE_MODULES = YES;
				CLANG_ENABLE_OBJC_ARC = YES;
				CLANG_ENABLE_OBJC_WEAK = YES;
				CLANG_WARN_BLOCK_CAPTURE_AUTORELEASING = YES;
				CLANG_WARN_BOOL_CONVERSION = YES;
				CLANG_WARN_COMMA = YES;
				CLANG_WARN_CONSTANT_CONVERSION = YES;
				CLANG_WARN_DEPRECATED_OBJC_IMPLEMENTATIONS = YES;
				CLANG_WARN_DIRECT_OBJC_ISA_USAGE = YES_ERROR;
				CLANG_WARN_DOCUMENTATION_COMMENTS = YES;
				CLANG_WARN_EMPTY_BODY = YES;
				CLANG_WARN_ENUM_CONVERSION = YES;
				CLANG_WARN_INFINITE_RECURSION = YES;
				CLANG_WARN_INT_CONVERSION = YES;
				CLANG_WARN_NON_LITERAL_NULL_CONVERSION = YES;
				CLANG_WARN_OBJC_IMPLICIT_RETAIN_SELF = YES;
				CLANG_WARN_OBJC_LITERAL_CONVERSION = YES;
				CLANG_WARN_OBJC_ROOT_CLASS = YES_ERROR;
				CLANG_WARN_RANGE_LOOP_ANALYSIS = YES;
				CLANG_WARN_STRICT_PROTOTYPES = YES;
				CLANG_WARN_SUSPICIOUS_MOVE = YES;
				CLANG_WARN_UNGUARDED_AVAILABILITY = YES_AGGRESSIVE;
				CLANG_WARN_UNREACHABLE_CODE = YES;
				CLANG_WARN__DUPLICATE_METHOD_MATCH = YES;
				COPY_PHASE_STRIP = NO;
				DEBUG_INFORMATION_FORMAT = dwarf;
				ENABLE_STRICT_OBJC_MSGSEND = YES;
				ENABLE_TESTABILITY = YES;
				GCC_C_LANGUAGE_STANDARD = gnu11;
				GCC_DYNAMIC_NO_PIC = NO;
				GCC_NO_COMMON_BLOCKS = YES;
				GCC_OPTIMIZATION_LEVEL = 0;
				GCC_PREPROCESSOR_DEFINITIONS = (
					"DEBUG=1",
					"$(inherited)",
				);
				GCC_WARN_64_TO_32_BIT_CONVERSION = YES;
				GCC_WARN_ABOUT_RETURN_TYPE = YES_ERROR;
				GCC_WARN_UNDECLARED_SELECTOR = YES;
				GCC_WARN_UNINITIALIZED_AUTOS = YES_AGGRESSIVE;
				GCC_WARN_UNUSED_FUNCTION = YES;
				GCC_WARN_UNUSED_VARIABLE = YES;
				IPHONEOS_DEPLOYMENT_TARGET = 13.5;
				MTL_ENABLE_DEBUG_INFO = INCLUDE_SOURCE;
				MTL_FAST_MATH = YES;
				ONLY_ACTIVE_ARCH = YES;
				SDKROOT = iphoneos;
			};
			name = Debug;
		};
		BDA11B2624BC126D00204E19 /* Release */ = {
			isa = XCBuildConfiguration;
			buildSettings = {
				ALWAYS_SEARCH_USER_PATHS = NO;
				CLANG_ANALYZER_NONNULL = YES;
				CLANG_ANALYZER_NUMBER_OBJECT_CONVERSION = YES_AGGRESSIVE;
				CLANG_CXX_LANGUAGE_STANDARD = "gnu++14";
				CLANG_CXX_LIBRARY = "libc++";
				CLANG_ENABLE_MODULES = YES;
				CLANG_ENABLE_OBJC_ARC = YES;
				CLANG_ENABLE_OBJC_WEAK = YES;
				CLANG_WARN_BLOCK_CAPTURE_AUTORELEASING = YES;
				CLANG_WARN_BOOL_CONVERSION = YES;
				CLANG_WARN_COMMA = YES;
				CLANG_WARN_CONSTANT_CONVERSION = YES;
				CLANG_WARN_DEPRECATED_OBJC_IMPLEMENTATIONS = YES;
				CLANG_WARN_DIRECT_OBJC_ISA_USAGE = YES_ERROR;
				CLANG_WARN_DOCUMENTATION_COMMENTS = YES;
				CLANG_WARN_EMPTY_BODY = YES;
				CLANG_WARN_ENUM_CONVERSION = YES;
				CLANG_WARN_INFINITE_RECURSION = YES;
				CLANG_WARN_INT_CONVERSION = YES;
				CLANG_WARN_NON_LITERAL_NULL_CONVERSION = YES;
				CLANG_WARN_OBJC_IMPLICIT_RETAIN_SELF = YES;
				CLANG_WARN_OBJC_LITERAL_CONVERSION = YES;
				CLANG_WARN_OBJC_ROOT_CLASS = YES_ERROR;
				CLANG_WARN_RANGE_LOOP_ANALYSIS = YES;
				CLANG_WARN_STRICT_PROTOTYPES = YES;
				CLANG_WARN_SUSPICIOUS_MOVE = YES;
				CLANG_WARN_UNGUARDED_AVAILABILITY = YES_AGGRESSIVE;
				CLANG_WARN_UNREACHABLE_CODE = YES;
				CLANG_WARN__DUPLICATE_METHOD_MATCH = YES;
				COPY_PHASE_STRIP = NO;
				DEBUG_INFORMATION_FORMAT = "dwarf-with-dsym";
				ENABLE_NS_ASSERTIONS = NO;
				ENABLE_STRICT_OBJC_MSGSEND = YES;
				GCC_C_LANGUAGE_STANDARD = gnu11;
				GCC_NO_COMMON_BLOCKS = YES;
				GCC_WARN_64_TO_32_BIT_CONVERSION = YES;
				GCC_WARN_ABOUT_RETURN_TYPE = YES_ERROR;
				GCC_WARN_UNDECLARED_SELECTOR = YES;
				GCC_WARN_UNINITIALIZED_AUTOS = YES_AGGRESSIVE;
				GCC_WARN_UNUSED_FUNCTION = YES;
				GCC_WARN_UNUSED_VARIABLE = YES;
				IPHONEOS_DEPLOYMENT_TARGET = 13.5;
				MTL_ENABLE_DEBUG_INFO = NO;
				MTL_FAST_MATH = YES;
				SDKROOT = iphoneos;
				VALIDATE_PRODUCT = YES;
			};
			name = Release;
		};
		BDA11B2824BC126D00204E19 /* Debug */ = {
			isa = XCBuildConfiguration;
			baseConfigurationReference = 7DE4227B895C22E02E9F914B /* Pods-octest.debug.xcconfig */;
			buildSettings = {
				ASSETCATALOG_COMPILER_APPICON_NAME = AppIcon;
				CODE_SIGN_STYLE = Automatic;
				INFOPLIST_FILE = octest/Info.plist;
				LD_RUNPATH_SEARCH_PATHS = (
					"$(inherited)",
					"@executable_path/Frameworks",
				);
				PRODUCT_BUNDLE_IDENTIFIER = me.yaoning.octest;
				PRODUCT_NAME = "$(TARGET_NAME)";
				TARGETED_DEVICE_FAMILY = "1,2";
			};
			name = Debug;
		};
		BDA11B2924BC126D00204E19 /* Release */ = {
			isa = XCBuildConfiguration;
			baseConfigurationReference = 5B968EFB4E001B92A0514665 /* Pods-octest.release.xcconfig */;
			buildSettings = {
				ASSETCATALOG_COMPILER_APPICON_NAME = AppIcon;
				CODE_SIGN_STYLE = Automatic;
				INFOPLIST_FILE = octest/Info.plist;
				LD_RUNPATH_SEARCH_PATHS = (
					"$(inherited)",
					"@executable_path/Frameworks",
				);
				PRODUCT_BUNDLE_IDENTIFIER = me.yaoning.octest;
				PRODUCT_NAME = "$(TARGET_NAME)";
				TARGETED_DEVICE_FAMILY = "1,2";
			};
			name = Release;
		};
/* End XCBuildConfiguration section */

/* Begin XCConfigurationList section */
		BDA11B0924BC126A00204E19 /* Build configuration list for PBXProject "octest" */ = {
			isa = XCConfigurationList;
			buildConfigurations = (
				BDA11B2524BC126D00204E19 /* Debug */,
				BDA11B2624BC126D00204E19 /* Release */,
			);
			defaultConfigurationIsVisible = 0;
			defaultConfigurationName = Release;
		};
		BDA11B2724BC126D00204E19 /* Build configuration list for PBXNativeTarget "octest" */ = {
			isa = XCConfigurationList;
			buildConfigurations = (
				BDA11B2824BC126D00204E19 /* Debug */,
				BDA11B2924BC126D00204E19 /* Release */,
			);
			defaultConfigurationIsVisible = 0;
			defaultConfigurationName = Release;
		};
/* End XCConfigurationList section */
	};
	rootObject = BDA11B0624BC126A00204E19 /* Project object */;
}
